
Microsoft Visual Studio Solution File, Format Version 11.00
# Visual Studio 2010
Project("{8BC9CEB8-8B4A-11D0-8D11-00A0C91BC942}") = "Bubblesort", "Bubblesort\Bubblesort.vcxproj", "{3FA5AA75-582D-40AE-BDA7-9F9566B36827}"
EndProject
Global
	GlobalSection(SolutionConfigurationPlatforms) = preSolution
		Debug|Win32 = Debug|Win32
		Release|Win32 = Release|Win32
	EndGlobalSection
	GlobalSection(ProjectConfigurationPlatforms) = postSolution
		{3FA5AA75-582D-40AE-BDA7-9F9566B36827}.Debug|Win32.ActiveCfg = Debug|Win32
		{3FA5AA75-582D-40AE-BDA7-9F9566B36827}.Debug|Win32.Build.0 = Debug|Win32
		{3FA5AA75-582D-40AE-BDA7-9F9566B36827}.Release|Win32.ActiveCfg = Release|Win32
		{3FA5AA75-582D-40AE-BDA7-9F9566B36827}.Release|Win32.Build.0 = Release|Win32
	EndGlobalSection
	GlobalSection(SolutionProperties) = preSolution
		HideSolutionNode = FALSE
	EndGlobalSection
EndGlobal
